
Microsoft Visual Studio Solution File, Format Version 12.00
Project("{FAE04EC0-301F-11D3-BF4B-00C04F79EFBC}") = "Repositories", "Repositories\Repositories.csproj", "{B20660A3-3E3E-465A-B19E-A06AB1DED0B1}"
EndProject
Project("{FAE04EC0-301F-11D3-BF4B-00C04F79EFBC}") = "Repositories.Abstractions", "Repositories.Abstractions\Repositories.Abstractions.csproj", "{1870F5C2-2B13-4722-A094-8E06CAA34478}"
EndProject
Project("{FAE04EC0-301F-11D3-BF4B-00C04F79EFBC}") = "Services.Abstractions", "Services.Abstractions\Services.Abstractions.csproj", "{062D831D-11DE-452D-A48B-877716EE33BF}"
EndProject
Project("{FAE04EC0-301F-11D3-BF4B-00C04F79EFBC}") = "Database", "Database\Database.csproj", "{2A899C93-B81B-4089-8655-986C2BF50CD1}"
EndProject
Project("{FAE04EC0-301F-11D3-BF4B-00C04F79EFBC}") = "Database.Models", "Database.Models\Database.Models.csproj", "{FDDB0AC7-DE02-4CA4-879A-CC4586F3F99C}"
EndProject
Project("{FAE04EC0-301F-11D3-BF4B-00C04F79EFBC}") = "Database.Abstractions", "Database.Abstractions\Database.Abstractions.csproj", "{67583A03-46E7-4A29-BFD9-960282A2B55F}"
EndProject
Project("{FAE04EC0-301F-11D3-BF4B-00C04F79EFBC}") = "Settings", "Settings\Settings.csproj", "{0309187B-A2A6-446F-8191-855BE77B194F}"
EndProject
Project("{FAE04EC0-301F-11D3-BF4B-00C04F79EFBC}") = "Services", "Services\Services.csproj", "{8F755112-EE37-4511-98EB-4F423E521B6D}"
EndProject
Project("{FAE04EC0-301F-11D3-BF4B-00C04F79EFBC}") = "Simulator", "Simulator\Simulator.csproj", "{AF58BD83-DDFB-4217-8829-6A59381C1D13}"
EndProject
Project("{2150E333-8FDC-42A3-9474-1A3956D46DE8}") = "Apps", "Apps", "{1D732D64-D212-4ABA-A13D-E13759132D19}"
EndProject
Project("{FAE04EC0-301F-11D3-BF4B-00C04F79EFBC}") = "ConsoleApp", "Apps\ConsoleApp\ConsoleApp.csproj", "{8904DC8E-C19E-4CE3-A6DB-4518BE49F8A9}"
EndProject
Project("{FAE04EC0-301F-11D3-BF4B-00C04F79EFBC}") = "DesktopApp", "Apps\DesktopApp\DesktopApp.csproj", "{5CA85994-753D-4AFA-AA77-4A880A81310F}"
EndProject
Project("{FAE04EC0-301F-11D3-BF4B-00C04F79EFBC}") = "Services.Steppers", "Services.Steppers\Services.Steppers.csproj", "{411AF55A-CFF0-41CB-816D-2C76018FA744}"
EndProject
Project("{FAE04EC0-301F-11D3-BF4B-00C04F79EFBC}") = "Services.Initializers", "Services.Initializers\Services.Initializers.csproj", "{1EF88348-636E-40F8-91B4-80CDB176C24D}"
EndProject
Project("{FAE04EC0-301F-11D3-BF4B-00C04F79EFBC}") = "Services.Factories", "Services.Factories\Services.Factories.csproj", "{84D5E5FA-3F7C-4CC6-B3CC-0ED2F11D1156}"
EndProject
Global
	GlobalSection(SolutionConfigurationPlatforms) = preSolution
		Debug|Any CPU = Debug|Any CPU
		Release|Any CPU = Release|Any CPU
	EndGlobalSection
	GlobalSection(ProjectConfigurationPlatforms) = postSolution
		{B20660A3-3E3E-465A-B19E-A06AB1DED0B1}.Debug|Any CPU.ActiveCfg = Debug|Any CPU
		{B20660A3-3E3E-465A-B19E-A06AB1DED0B1}.Debug|Any CPU.Build.0 = Debug|Any CPU
		{B20660A3-3E3E-465A-B19E-A06AB1DED0B1}.Release|Any CPU.ActiveCfg = Release|Any CPU
		{B20660A3-3E3E-465A-B19E-A06AB1DED0B1}.Release|Any CPU.Build.0 = Release|Any CPU
		{1870F5C2-2B13-4722-A094-8E06CAA34478}.Debug|Any CPU.ActiveCfg = Debug|Any CPU
		{1870F5C2-2B13-4722-A094-8E06CAA34478}.Debug|Any CPU.Build.0 = Debug|Any CPU
		{1870F5C2-2B13-4722-A094-8E06CAA34478}.Release|Any CPU.ActiveCfg = Release|Any CPU
		{1870F5C2-2B13-4722-A094-8E06CAA34478}.Release|Any CPU.Build.0 = Release|Any CPU
		{062D831D-11DE-452D-A48B-877716EE33BF}.Debug|Any CPU.ActiveCfg = Debug|Any CPU
		{062D831D-11DE-452D-A48B-877716EE33BF}.Debug|Any CPU.Build.0 = Debug|Any CPU
		{062D831D-11DE-452D-A48B-877716EE33BF}.Release|Any CPU.ActiveCfg = Release|Any CPU
		{062D831D-11DE-452D-A48B-877716EE33BF}.Release|Any CPU.Build.0 = Release|Any CPU
		{2A899C93-B81B-4089-8655-986C2BF50CD1}.Debug|Any CPU.ActiveCfg = Debug|Any CPU
		{2A899C93-B81B-4089-8655-986C2BF50CD1}.Debug|Any CPU.Build.0 = Debug|Any CPU
		{2A899C93-B81B-4089-8655-986C2BF50CD1}.Release|Any CPU.ActiveCfg = Release|Any CPU
		{2A899C93-B81B-4089-8655-986C2BF50CD1}.Release|Any CPU.Build.0 = Release|Any CPU
		{FDDB0AC7-DE02-4CA4-879A-CC4586F3F99C}.Debug|Any CPU.ActiveCfg = Debug|Any CPU
		{FDDB0AC7-DE02-4CA4-879A-CC4586F3F99C}.Debug|Any CPU.Build.0 = Debug|Any CPU
		{FDDB0AC7-DE02-4CA4-879A-CC4586F3F99C}.Release|Any CPU.ActiveCfg = Release|Any CPU
		{FDDB0AC7-DE02-4CA4-879A-CC4586F3F99C}.Release|Any CPU.Build.0 = Release|Any CPU
		{67583A03-46E7-4A29-BFD9-960282A2B55F}.Debug|Any CPU.ActiveCfg = Debug|Any CPU
		{67583A03-46E7-4A29-BFD9-960282A2B55F}.Debug|Any CPU.Build.0 = Debug|Any CPU
		{67583A03-46E7-4A29-BFD9-960282A2B55F}.Release|Any CPU.ActiveCfg = Release|Any CPU
		{67583A03-46E7-4A29-BFD9-960282A2B55F}.Release|Any CPU.Build.0 = Release|Any CPU
		{0309187B-A2A6-446F-8191-855BE77B194F}.Debug|Any CPU.ActiveCfg = Debug|Any CPU
		{0309187B-A2A6-446F-8191-855BE77B194F}.Debug|Any CPU.Build.0 = Debug|Any CPU
		{0309187B-A2A6-446F-8191-855BE77B194F}.Release|Any CPU.ActiveCfg = Release|Any CPU
		{0309187B-A2A6-446F-8191-855BE77B194F}.Release|Any CPU.Build.0 = Release|Any CPU
		{8F755112-EE37-4511-98EB-4F423E521B6D}.Debug|Any CPU.ActiveCfg = Debug|Any CPU
		{8F755112-EE37-4511-98EB-4F423E521B6D}.Debug|Any CPU.Build.0 = Debug|Any CPU
		{8F755112-EE37-4511-98EB-4F423E521B6D}.Release|Any CPU.ActiveCfg = Release|Any CPU
		{8F755112-EE37-4511-98EB-4F423E521B6D}.Release|Any CPU.Build.0 = Release|Any CPU
		{AF58BD83-DDFB-4217-8829-6A59381C1D13}.Debug|Any CPU.ActiveCfg = Debug|Any CPU
		{AF58BD83-DDFB-4217-8829-6A59381C1D13}.Debug|Any CPU.Build.0 = Debug|Any CPU
		{AF58BD83-DDFB-4217-8829-6A59381C1D13}.Release|Any CPU.ActiveCfg = Release|Any CPU
		{AF58BD83-DDFB-4217-8829-6A59381C1D13}.Release|Any CPU.Build.0 = Release|Any CPU
		{8904DC8E-C19E-4CE3-A6DB-4518BE49F8A9}.Debug|Any CPU.ActiveCfg = Debug|Any CPU
		{8904DC8E-C19E-4CE3-A6DB-4518BE49F8A9}.Debug|Any CPU.Build.0 = Debug|Any CPU
		{8904DC8E-C19E-4CE3-A6DB-4518BE49F8A9}.Release|Any CPU.ActiveCfg = Release|Any CPU
		{8904DC8E-C19E-4CE3-A6DB-4518BE49F8A9}.Release|Any CPU.Build.0 = Release|Any CPU
		{5CA85994-753D-4AFA-AA77-4A880A81310F}.Debug|Any CPU.ActiveCfg = Debug|Any CPU
		{5CA85994-753D-4AFA-AA77-4A880A81310F}.Debug|Any CPU.Build.0 = Debug|Any CPU
		{5CA85994-753D-4AFA-AA77-4A880A81310F}.Release|Any CPU.ActiveCfg = Release|Any CPU
		{5CA85994-753D-4AFA-AA77-4A880A81310F}.Release|Any CPU.Build.0 = Release|Any CPU
		{411AF55A-CFF0-41CB-816D-2C76018FA744}.Debug|Any CPU.ActiveCfg = Debug|Any CPU
		{411AF55A-CFF0-41CB-816D-2C76018FA744}.Debug|Any CPU.Build.0 = Debug|Any CPU
		{411AF55A-CFF0-41CB-816D-2C76018FA744}.Release|Any CPU.ActiveCfg = Release|Any CPU
		{411AF55A-CFF0-41CB-816D-2C76018FA744}.Release|Any CPU.Build.0 = Release|Any CPU
		{1EF88348-636E-40F8-91B4-80CDB176C24D}.Debug|Any CPU.ActiveCfg = Debug|Any CPU
		{1EF88348-636E-40F8-91B4-80CDB176C24D}.Debug|Any CPU.Build.0 = Debug|Any CPU
		{1EF88348-636E-40F8-91B4-80CDB176C24D}.Release|Any CPU.ActiveCfg = Release|Any CPU
		{1EF88348-636E-40F8-91B4-80CDB176C24D}.Release|Any CPU.Build.0 = Release|Any CPU
		{84D5E5FA-3F7C-4CC6-B3CC-0ED2F11D1156}.Debug|Any CPU.ActiveCfg = Debug|Any CPU
		{84D5E5FA-3F7C-4CC6-B3CC-0ED2F11D1156}.Debug|Any CPU.Build.0 = Debug|Any CPU
		{84D5E5FA-3F7C-4CC6-B3CC-0ED2F11D1156}.Release|Any CPU.ActiveCfg = Release|Any CPU
		{84D5E5FA-3F7C-4CC6-B3CC-0ED2F11D1156}.Release|Any CPU.Build.0 = Release|Any CPU
	EndGlobalSection
	GlobalSection(NestedProjects) = preSolution
		{8904DC8E-C19E-4CE3-A6DB-4518BE49F8A9} = {1D732D64-D212-4ABA-A13D-E13759132D19}
		{5CA85994-753D-4AFA-AA77-4A880A81310F} = {1D732D64-D212-4ABA-A13D-E13759132D19}
	EndGlobalSection
EndGlobal
